
Microsoft Visual Studio Solution File, Format Version 12.00
# Visual Studio Version 17
VisualStudioVersion = 17.11.35312.102
MinimumVisualStudioVersion = 10.0.40219.1
Project("{2150E333-8FDC-42A3-9474-1A3956D46DE8}") = "Solution Items", "Solution Items", "{A5089829-1392-40D1-B294-99C110DA9E39}"
	ProjectSection(SolutionItems) = preProject
		.editorconfig = .editorconfig
		.gitignore = .gitignore
		LICENSE = LICENSE
		README.md = README.md
	EndProjectSection
EndProject
Project("{FAE04EC0-301F-11D3-BF4B-00C04F79EFBC}") = "GlobalExceptionHandler", "GlobalExceptionHandler\GlobalExceptionHandler.csproj", "{5BB9A01B-27DB-4795-9CCD-1537EF4BA079}"
EndProject
Global
	GlobalSection(SolutionConfigurationPlatforms) = preSolution
		Debug|Any CPU = Debug|Any CPU
		Release|Any CPU = Release|Any CPU
	EndGlobalSection
	GlobalSection(ProjectConfigurationPlatforms) = postSolution
		{5BB9A01B-27DB-4795-9CCD-1537EF4BA079}.Debug|Any CPU.ActiveCfg = Debug|Any CPU
		{5BB9A01B-27DB-4795-9CCD-1537EF4BA079}.Debug|Any CPU.Build.0 = Debug|Any CPU
		{5BB9A01B-27DB-4795-9CCD-1537EF4BA079}.Release|Any CPU.ActiveCfg = Release|Any CPU
		{5BB9A01B-27DB-4795-9CCD-1537EF4BA079}.Release|Any CPU.Build.0 = Release|Any CPU
	EndGlobalSection
	GlobalSection(SolutionProperties) = preSolution
		HideSolutionNode = FALSE
	EndGlobalSection
	GlobalSection(ExtensibilityGlobals) = postSolution
		SolutionGuid = {EA714667-637A-4195-8C25-349063C54952}
	EndGlobalSection
EndGlobal
